// !$*UTF8*$!
{
	archiveVersion = 1;
	classes = {
	};
	objectVersion = 50;
	objects = {

/* Begin PBXBuildFile section */
		2628DECF21613E59008B0BB4 /* ManagerTestSetup.swift in Sources */ = {isa = PBXBuildFile; fileRef = 2628DECE21613E59008B0BB4 /* ManagerTestSetup.swift */; };
		26D52DE7215F28C5002D4BBF /* AppDelegate.swift in Sources */ = {isa = PBXBuildFile; fileRef = 26D52DE6215F28C5002D4BBF /* AppDelegate.swift */; };
		26D52DE9215F28C5002D4BBF /* ManufactureViewController.swift in Sources */ = {isa = PBXBuildFile; fileRef = 26D52DE8215F28C5002D4BBF /* ManufactureViewController.swift */; };
		26D52DEC215F28C5002D4BBF /* Main.storyboard in Resources */ = {isa = PBXBuildFile; fileRef = 26D52DEA215F28C5002D4BBF /* Main.storyboard */; };
		26D52DEE215F28C7002D4BBF /* Assets.xcassets in Resources */ = {isa = PBXBuildFile; fileRef = 26D52DED215F28C7002D4BBF /* Assets.xcassets */; };
		26D52DF1215F28C7002D4BBF /* LaunchScreen.storyboard in Resources */ = {isa = PBXBuildFile; fileRef = 26D52DEF215F28C7002D4BBF /* LaunchScreen.storyboard */; };
		26D52DFC215F28C7002D4BBF /* Test_2Tests.swift in Sources */ = {isa = PBXBuildFile; fileRef = 26D52DFB215F28C7002D4BBF /* Test_2Tests.swift */; };
		26D52E12215F42C5002D4BBF /* BaseViewModel.swift in Sources */ = {isa = PBXBuildFile; fileRef = 26D52E11215F42C5002D4BBF /* BaseViewModel.swift */; };
		26D52E14215F42EF002D4BBF /* ManufactureViewModel.swift in Sources */ = {isa = PBXBuildFile; fileRef = 26D52E13215F42EF002D4BBF /* ManufactureViewModel.swift */; };
		26D52E16215F45B1002D4BBF /* Manufacture_Model.swift in Sources */ = {isa = PBXBuildFile; fileRef = 26D52E15215F45B1002D4BBF /* Manufacture_Model.swift */; };
		26D52E18215F4735002D4BBF /* Constant.swift in Sources */ = {isa = PBXBuildFile; fileRef = 26D52E17215F4735002D4BBF /* Constant.swift */; };
		26D52E1A215F4743002D4BBF /* TypeAlias.swift in Sources */ = {isa = PBXBuildFile; fileRef = 26D52E19215F4743002D4BBF /* TypeAlias.swift */; };
		26D52E1C215F519A002D4BBF /* Dictionary.swift in Sources */ = {isa = PBXBuildFile; fileRef = 26D52E1B215F519A002D4BBF /* Dictionary.swift */; };
		26D52E1E215F51A4002D4BBF /* String.swift in Sources */ = {isa = PBXBuildFile; fileRef = 26D52E1D215F51A4002D4BBF /* String.swift */; };
		26D52E20215F51AC002D4BBF /* Int.swift in Sources */ = {isa = PBXBuildFile; fileRef = 26D52E1F215F51AC002D4BBF /* Int.swift */; };
		26D52E24215F5216002D4BBF /* ApiService.swift in Sources */ = {isa = PBXBuildFile; fileRef = 26D52E23215F5216002D4BBF /* ApiService.swift */; };
		26D52E26215F521B002D4BBF /* DataFetcher.swift in Sources */ = {isa = PBXBuildFile; fileRef = 26D52E25215F521B002D4BBF /* DataFetcher.swift */; };
		26D52E28215F521E002D4BBF /* DataRequest.swift in Sources */ = {isa = PBXBuildFile; fileRef = 26D52E27215F521E002D4BBF /* DataRequest.swift */; };
		26D52E2C215F5224002D4BBF /* DataResponse.swift in Sources */ = {isa = PBXBuildFile; fileRef = 26D52E2B215F5224002D4BBF /* DataResponse.swift */; };
		26D52E2E215F5839002D4BBF /* Manufacture_ModelManager.swift in Sources */ = {isa = PBXBuildFile; fileRef = 26D52E2D215F5839002D4BBF /* Manufacture_ModelManager.swift */; };
		26D52E30215F5956002D4BBF /* CarTableViewCell.swift in Sources */ = {isa = PBXBuildFile; fileRef = 26D52E2F215F5956002D4BBF /* CarTableViewCell.swift */; };
		26D52E33215FA7D1002D4BBF /* ModelViewController.swift in Sources */ = {isa = PBXBuildFile; fileRef = 26D52E32215FA7D1002D4BBF /* ModelViewController.swift */; };
		26D52E35215FC46C002D4BBF /* ModelsViewModel.swift in Sources */ = {isa = PBXBuildFile; fileRef = 26D52E34215FC46C002D4BBF /* ModelsViewModel.swift */; };
		26D52E39215FC7C1002D4BBF /* ContentLoadingView.swift in Sources */ = {isa = PBXBuildFile; fileRef = 26D52E38215FC7C1002D4BBF /* ContentLoadingView.swift */; };
		452723AC3EF835043733384C /* Pods_Test_2.framework in Frameworks */ = {isa = PBXBuildFile; fileRef = 9B8885BA069D4093903D4C97 /* Pods_Test_2.framework */; };
		F94838097170C9C457AD982A /* Pods_Test_2Tests.framework in Frameworks */ = {isa = PBXBuildFile; fileRef = C1BBCA33F989F2ADA9567063 /* Pods_Test_2Tests.framework */; };
/* End PBXBuildFile section */

/* Begin PBXContainerItemProxy section */
		26D52DF8215F28C7002D4BBF /* PBXContainerItemProxy */ = {
			isa = PBXContainerItemProxy;
			containerPortal = 26D52DDB215F28C5002D4BBF /* Project object */;
			proxyType = 1;
			remoteGlobalIDString = 26D52DE2215F28C5002D4BBF;
			remoteInfo = Test_2;
		};
/* End PBXContainerItemProxy section */

/* Begin PBXFileReference section */
		2628DECE21613E59008B0BB4 /* ManagerTestSetup.swift */ = {isa = PBXFileReference; lastKnownFileType = sourcecode.swift; path = ManagerTestSetup.swift; sourceTree = "<group>"; };
		26D52DE3215F28C5002D4BBF /* Test_2.app */ = {isa = PBXFileReference; explicitFileType = wrapper.application; includeInIndex = 0; path = Test_2.app; sourceTree = BUILT_PRODUCTS_DIR; };
		26D52DE6215F28C5002D4BBF /* AppDelegate.swift */ = {isa = PBXFileReference; lastKnownFileType = sourcecode.swift; path = AppDelegate.swift; sourceTree = "<group>"; };
		26D52DE8215F28C5002D4BBF /* ManufactureViewController.swift */ = {isa = PBXFileReference; lastKnownFileType = sourcecode.swift; path = ManufactureViewController.swift; sourceTree = "<group>"; };
		26D52DEB215F28C5002D4BBF /* Base */ = {isa = PBXFileReference; lastKnownFileType = file.storyboard; name = Base; path = Base.lproj/Main.storyboard; sourceTree = "<group>"; };
		26D52DED215F28C7002D4BBF /* Assets.xcassets */ = {isa = PBXFileReference; lastKnownFileType = folder.assetcatalog; path = Assets.xcassets; sourceTree = "<group>"; };
		26D52DF0215F28C7002D4BBF /* Base */ = {isa = PBXFileReference; lastKnownFileType = file.storyboard; name = Base; path = Base.lproj/LaunchScreen.storyboard; sourceTree = "<group>"; };
		26D52DF2215F28C7002D4BBF /* Info.plist */ = {isa = PBXFileReference; lastKnownFileType = text.plist.xml; path = Info.plist; sourceTree = "<group>"; };
		26D52DF7215F28C7002D4BBF /* Test_2Tests.xctest */ = {isa = PBXFileReference; explicitFileType = wrapper.cfbundle; includeInIndex = 0; path = Test_2Tests.xctest; sourceTree = BUILT_PRODUCTS_DIR; };
		26D52DFB215F28C7002D4BBF /* Test_2Tests.swift */ = {isa = PBXFileReference; lastKnownFileType = sourcecode.swift; path = Test_2Tests.swift; sourceTree = "<group>"; };
		26D52DFD215F28C7002D4BBF /* Info.plist */ = {isa = PBXFileReference; lastKnownFileType = text.plist.xml; path = Info.plist; sourceTree = "<group>"; };
		26D52E11215F42C5002D4BBF /* BaseViewModel.swift */ = {isa = PBXFileReference; lastKnownFileType = sourcecode.swift; path = BaseViewModel.swift; sourceTree = "<group>"; };
		26D52E13215F42EF002D4BBF /* ManufactureViewModel.swift */ = {isa = PBXFileReference; lastKnownFileType = sourcecode.swift; path = ManufactureViewModel.swift; sourceTree = "<group>"; };
		26D52E15215F45B1002D4BBF /* Manufacture_Model.swift */ = {isa = PBXFileReference; lastKnownFileType = sourcecode.swift; path = Manufacture_Model.swift; sourceTree = "<group>"; };
		26D52E17215F4735002D4BBF /* Constant.swift */ = {isa = PBXFileReference; lastKnownFileType = sourcecode.swift; path = Constant.swift; sourceTree = "<group>"; };
		26D52E19215F4743002D4BBF /* TypeAlias.swift */ = {isa = PBXFileReference; lastKnownFileType = sourcecode.swift; path = TypeAlias.swift; sourceTree = "<group>"; };
		26D52E1B215F519A002D4BBF /* Dictionary.swift */ = {isa = PBXFileReference; fileEncoding = 4; lastKnownFileType = sourcecode.swift; path = Dictionary.swift; sourceTree = "<group>"; };
		26D52E1D215F51A4002D4BBF /* String.swift */ = {isa = PBXFileReference; fileEncoding = 4; lastKnownFileType = sourcecode.swift; path = String.swift; sourceTree = "<group>"; };
		26D52E1F215F51AC002D4BBF /* Int.swift */ = {isa = PBXFileReference; fileEncoding = 4; lastKnownFileType = sourcecode.swift; path = Int.swift; sourceTree = "<group>"; };
		26D52E23215F5216002D4BBF /* ApiService.swift */ = {isa = PBXFileReference; lastKnownFileType = sourcecode.swift; path = ApiService.swift; sourceTree = "<group>"; xcLanguageSpecificationIdentifier = xcode.lang.swift; };
		26D52E25215F521B002D4BBF /* DataFetcher.swift */ = {isa = PBXFileReference; lastKnownFileType = sourcecode.swift; path = DataFetcher.swift; sourceTree = "<group>"; };
		26D52E27215F521E002D4BBF /* DataRequest.swift */ = {isa = PBXFileReference; lastKnownFileType = sourcecode.swift; path = DataRequest.swift; sourceTree = "<group>"; };
		26D52E2B215F5224002D4BBF /* DataResponse.swift */ = {isa = PBXFileReference; lastKnownFileType = sourcecode.swift; path = DataResponse.swift; sourceTree = "<group>"; };
		26D52E2D215F5839002D4BBF /* Manufacture_ModelManager.swift */ = {isa = PBXFileReference; lastKnownFileType = sourcecode.swift; path = Manufacture_ModelManager.swift; sourceTree = "<group>"; };
		26D52E2F215F5956002D4BBF /* CarTableViewCell.swift */ = {isa = PBXFileReference; lastKnownFileType = sourcecode.swift; path = CarTableViewCell.swift; sourceTree = "<group>"; };
		26D52E32215FA7D1002D4BBF /* ModelViewController.swift */ = {isa = PBXFileReference; lastKnownFileType = sourcecode.swift; path = ModelViewController.swift; sourceTree = "<group>"; };
		26D52E34215FC46C002D4BBF /* ModelsViewModel.swift */ = {isa = PBXFileReference; lastKnownFileType = sourcecode.swift; path = ModelsViewModel.swift; sourceTree = "<group>"; };
		26D52E38215FC7C1002D4BBF /* ContentLoadingView.swift */ = {isa = PBXFileReference; fileEncoding = 4; lastKnownFileType = sourcecode.swift; path = ContentLoadingView.swift; sourceTree = "<group>"; };
		61FE145CCF32E9B744E71EFA /* Pods-Test_2Tests.debug.xcconfig */ = {isa = PBXFileReference; includeInIndex = 1; lastKnownFileType = text.xcconfig; name = "Pods-Test_2Tests.debug.xcconfig"; path = "Pods/Target Support Files/Pods-Test_2Tests/Pods-Test_2Tests.debug.xcconfig"; sourceTree = "<group>"; };
		9A633904CE24F6991796B093 /* Pods-Test_2Tests.release.xcconfig */ = {isa = PBXFileReference; includeInIndex = 1; lastKnownFileType = text.xcconfig; name = "Pods-Test_2Tests.release.xcconfig"; path = "Pods/Target Support Files/Pods-Test_2Tests/Pods-Test_2Tests.release.xcconfig"; sourceTree = "<group>"; };
		9B8885BA069D4093903D4C97 /* Pods_Test_2.framework */ = {isa = PBXFileReference; explicitFileType = wrapper.framework; includeInIndex = 0; path = Pods_Test_2.framework; sourceTree = BUILT_PRODUCTS_DIR; };
		A426D874D38FF053F724C7AA /* Pods-Test_2.debug.xcconfig */ = {isa = PBXFileReference; includeInIndex = 1; lastKnownFileType = text.xcconfig; name = "Pods-Test_2.debug.xcconfig"; path = "Pods/Target Support Files/Pods-Test_2/Pods-Test_2.debug.xcconfig"; sourceTree = "<group>"; };
		C1BBCA33F989F2ADA9567063 /* Pods_Test_2Tests.framework */ = {isa = PBXFileReference; explicitFileType = wrapper.framework; includeInIndex = 0; path = Pods_Test_2Tests.framework; sourceTree = BUILT_PRODUCTS_DIR; };
		F74586D0D75BD1FE2F185F29 /* Pods-Test_2.release.xcconfig */ = {isa = PBXFileReference; includeInIndex = 1; lastKnownFileType = text.xcconfig; name = "Pods-Test_2.release.xcconfig"; path = "Pods/Target Support Files/Pods-Test_2/Pods-Test_2.release.xcconfig"; sourceTree = "<group>"; };
/* End PBXFileReference section */

/* Begin PBXFrameworksBuildPhase section */
		26D52DE0215F28C5002D4BBF /* Frameworks */ = {
			isa = PBXFrameworksBuildPhase;
			buildActionMask = 2147483647;
			files = (
				452723AC3EF835043733384C /* Pods_Test_2.framework in Frameworks */,
			);
			runOnlyForDeploymentPostprocessing = 0;
		};
		26D52DF4215F28C7002D4BBF /* Frameworks */ = {
			isa = PBXFrameworksBuildPhase;
			buildActionMask = 2147483647;
			files = (
				F94838097170C9C457AD982A /* Pods_Test_2Tests.framework in Frameworks */,
			);
			runOnlyForDeploymentPostprocessing = 0;
		};
/* End PBXFrameworksBuildPhase section */

/* Begin PBXGroup section */
		0B5759445DA1D88ABC09FBE4 /* Pods */ = {
			isa = PBXGroup;
			children = (
				A426D874D38FF053F724C7AA /* Pods-Test_2.debug.xcconfig */,
				F74586D0D75BD1FE2F185F29 /* Pods-Test_2.release.xcconfig */,
				61FE145CCF32E9B744E71EFA /* Pods-Test_2Tests.debug.xcconfig */,
				9A633904CE24F6991796B093 /* Pods-Test_2Tests.release.xcconfig */,
			);
			name = Pods;
			sourceTree = "<group>";
		};
		2628DECD21613E3F008B0BB4 /* Setups */ = {
			isa = PBXGroup;
			children = (
				2628DECE21613E59008B0BB4 /* ManagerTestSetup.swift */,
			);
			path = Setups;
			sourceTree = "<group>";
		};
		26D52DDA215F28C5002D4BBF = {
			isa = PBXGroup;
			children = (
				26D52DE5215F28C5002D4BBF /* Test_2 */,
				26D52DFA215F28C7002D4BBF /* Test_2Tests */,
				26D52DE4215F28C5002D4BBF /* Products */,
				0B5759445DA1D88ABC09FBE4 /* Pods */,
				707A7B579F050D019506D56A /* Frameworks */,
			);
			sourceTree = "<group>";
		};
		26D52DE4215F28C5002D4BBF /* Products */ = {
			isa = PBXGroup;
			children = (
				26D52DE3215F28C5002D4BBF /* Test_2.app */,
				26D52DF7215F28C7002D4BBF /* Test_2Tests.xctest */,
			);
			name = Products;
			sourceTree = "<group>";
		};
		26D52DE5215F28C5002D4BBF /* Test_2 */ = {
			isa = PBXGroup;
			children = (
				26D52E37215FC7A9002D4BBF /* Custom Classes */,
				26D52E0F215F2AC7002D4BBF /* Storyboards */,
				26D52E0C215F2A85002D4BBF /* Api Manager */,
				26D52E0B215F2A73002D4BBF /* Extensions */,
				26D52E0A215F2A6C002D4BBF /* ViewModels */,
				26D52E09215F2A4D002D4BBF /* Global */,
				26D52E08215F2A39002D4BBF /* Models */,
				26D52E07215F29FF002D4BBF /* Assets */,
				26D52E06215F29F2002D4BBF /* Modules */,
				26D52DE6215F28C5002D4BBF /* AppDelegate.swift */,
				26D52DF2215F28C7002D4BBF /* Info.plist */,
			);
			path = Test_2;
			sourceTree = "<group>";
		};
		26D52DFA215F28C7002D4BBF /* Test_2Tests */ = {
			isa = PBXGroup;
			children = (
				2628DECD21613E3F008B0BB4 /* Setups */,
				26D52DFB215F28C7002D4BBF /* Test_2Tests.swift */,
				26D52DFD215F28C7002D4BBF /* Info.plist */,
			);
			path = Test_2Tests;
			sourceTree = "<group>";
		};
		26D52E06215F29F2002D4BBF /* Modules */ = {
			isa = PBXGroup;
			children = (
				26D52E10215F408B002D4BBF /* Cell */,
				26D52E31215FA7B7002D4BBF /* Model */,
				26D52E0D215F2A8E002D4BBF /* Manufacturer */,
			);
			path = Modules;
			sourceTree = "<group>";
		};
		26D52E07215F29FF002D4BBF /* Assets */ = {
			isa = PBXGroup;
			children = (
				26D52DED215F28C7002D4BBF /* Assets.xcassets */,
			);
			path = Assets;
			sourceTree = "<group>";
		};
		26D52E08215F2A39002D4BBF /* Models */ = {
			isa = PBXGroup;
			children = (
				26D52E15215F45B1002D4BBF /* Manufacture_Model.swift */,
			);
			path = Models;
			sourceTree = "<group>";
		};
		26D52E09215F2A4D002D4BBF /* Global */ = {
			isa = PBXGroup;
			children = (
				26D52E17215F4735002D4BBF /* Constant.swift */,
				26D52E19215F4743002D4BBF /* TypeAlias.swift */,
			);
			path = Global;
			sourceTree = "<group>";
		};
		26D52E0A215F2A6C002D4BBF /* ViewModels */ = {
			isa = PBXGroup;
			children = (
				26D52E11215F42C5002D4BBF /* BaseViewModel.swift */,
				26D52E13215F42EF002D4BBF /* ManufactureViewModel.swift */,
				26D52E34215FC46C002D4BBF /* ModelsViewModel.swift */,
			);
			path = ViewModels;
			sourceTree = "<group>";
		};
		26D52E0B215F2A73002D4BBF /* Extensions */ = {
			isa = PBXGroup;
			children = (
				26D52E1F215F51AC002D4BBF /* Int.swift */,
				26D52E1D215F51A4002D4BBF /* String.swift */,
				26D52E1B215F519A002D4BBF /* Dictionary.swift */,
			);
			path = Extensions;
			sourceTree = "<group>";
		};
		26D52E0C215F2A85002D4BBF /* Api Manager */ = {
			isa = PBXGroup;
			children = (
				26D52E23215F5216002D4BBF /* ApiService.swift */,
				26D52E25215F521B002D4BBF /* DataFetcher.swift */,
				26D52E27215F521E002D4BBF /* DataRequest.swift */,
				26D52E2B215F5224002D4BBF /* DataResponse.swift */,
				26D52E2D215F5839002D4BBF /* Manufacture_ModelManager.swift */,
			);
			path = "Api Manager";
			sourceTree = "<group>";
		};
		26D52E0D215F2A8E002D4BBF /* Manufacturer */ = {
			isa = PBXGroup;
			children = (
				26D52DE8215F28C5002D4BBF /* ManufactureViewController.swift */,
			);
			path = Manufacturer;
			sourceTree = "<group>";
		};
		26D52E0F215F2AC7002D4BBF /* Storyboards */ = {
			isa = PBXGroup;
			children = (
				26D52DEA215F28C5002D4BBF /* Main.storyboard */,
				26D52DEF215F28C7002D4BBF /* LaunchScreen.storyboard */,
			);
			path = Storyboards;
			sourceTree = "<group>";
		};
		26D52E10215F408B002D4BBF /* Cell */ = {
			isa = PBXGroup;
			children = (
				26D52E2F215F5956002D4BBF /* CarTableViewCell.swift */,
			);
			path = Cell;
			sourceTree = "<group>";
		};
		26D52E31215FA7B7002D4BBF /* Model */ = {
			isa = PBXGroup;
			children = (
				26D52E32215FA7D1002D4BBF /* ModelViewController.swift */,
			);
			path = Model;
			sourceTree = "<group>";
		};
		26D52E37215FC7A9002D4BBF /* Custom Classes */ = {
			isa = PBXGroup;
			children = (
				26D52E38215FC7C1002D4BBF /* ContentLoadingView.swift */,
			);
			path = "Custom Classes";
			sourceTree = "<group>";
		};
		707A7B579F050D019506D56A /* Frameworks */ = {
			isa = PBXGroup;
			children = (
				9B8885BA069D4093903D4C97 /* Pods_Test_2.framework */,
				C1BBCA33F989F2ADA9567063 /* Pods_Test_2Tests.framework */,
			);
			name = Frameworks;
			sourceTree = "<group>";
		};
/* End PBXGroup section */

/* Begin PBXNativeTarget section */
		26D52DE2215F28C5002D4BBF /* Test_2 */ = {
			isa = PBXNativeTarget;
			buildConfigurationList = 26D52E00215F28C7002D4BBF /* Build configuration list for PBXNativeTarget "Test_2" */;
			buildPhases = (
				29794E396F4F7C59B44D05AF /* [CP] Check Pods Manifest.lock */,
				26D52DDF215F28C5002D4BBF /* Sources */,
				26D52DE0215F28C5002D4BBF /* Frameworks */,
				26D52DE1215F28C5002D4BBF /* Resources */,
				F27436D538D959B692EF3548 /* [CP] Embed Pods Frameworks */,
			);
			buildRules = (
			);
			dependencies = (
			);
			name = Test_2;
			productName = Test_2;
			productReference = 26D52DE3215F28C5002D4BBF /* Test_2.app */;
			productType = "com.apple.product-type.application";
		};
		26D52DF6215F28C7002D4BBF /* Test_2Tests */ = {
			isa = PBXNativeTarget;
			buildConfigurationList = 26D52E03215F28C7002D4BBF /* Build configuration list for PBXNativeTarget "Test_2Tests" */;
			buildPhases = (
				B7501B97BC8474BA8328207F /* [CP] Check Pods Manifest.lock */,
				26D52DF3215F28C7002D4BBF /* Sources */,
				26D52DF4215F28C7002D4BBF /* Frameworks */,
				26D52DF5215F28C7002D4BBF /* Resources */,
			);
			buildRules = (
			);
			dependencies = (
				26D52DF9215F28C7002D4BBF /* PBXTargetDependency */,
			);
			name = Test_2Tests;
			productName = Test_2Tests;
			productReference = 26D52DF7215F28C7002D4BBF /* Test_2Tests.xctest */;
			productType = "com.apple.product-type.bundle.unit-test";
		};
/* End PBXNativeTarget section */

/* Begin PBXProject section */
		26D52DDB215F28C5002D4BBF /* Project object */ = {
			isa = PBXProject;
			attributes = {
				LastSwiftUpdateCheck = 1000;
				LastUpgradeCheck = 1000;
				ORGANIZATIONNAME = "Abdul Sami";
				TargetAttributes = {
					26D52DE2215F28C5002D4BBF = {
						CreatedOnToolsVersion = 10.0;
					};
					26D52DF6215F28C7002D4BBF = {
						CreatedOnToolsVersion = 10.0;
						TestTargetID = 26D52DE2215F28C5002D4BBF;
					};
				};
			};
			buildConfigurationList = 26D52DDE215F28C5002D4BBF /* Build configuration list for PBXProject "Test_2" */;
			compatibilityVersion = "Xcode 9.3";
			developmentRegion = en;
			hasScannedForEncodings = 0;
			knownRegions = (
				en,
				Base,
			);
			mainGroup = 26D52DDA215F28C5002D4BBF;
			productRefGroup = 26D52DE4215F28C5002D4BBF /* Products */;
			projectDirPath = "";
			projectRoot = "";
			targets = (
				26D52DE2215F28C5002D4BBF /* Test_2 */,
				26D52DF6215F28C7002D4BBF /* Test_2Tests */,
			);
		};
/* End PBXProject section */

/* Begin PBXResourcesBuildPhase section */
		26D52DE1215F28C5002D4BBF /* Resources */ = {
			isa = PBXResourcesBuildPhase;
			buildActionMask = 2147483647;
			files = (
				26D52DF1215F28C7002D4BBF /* LaunchScreen.storyboard in Resources */,
				26D52DEE215F28C7002D4BBF /* Assets.xcassets in Resources */,
				26D52DEC215F28C5002D4BBF /* Main.storyboard in Resources */,
			);
			runOnlyForDeploymentPostprocessing = 0;
		};
		26D52DF5215F28C7002D4BBF /* Resources */ = {
			isa = PBXResourcesBuildPhase;
			buildActionMask = 2147483647;
			files = (
			);
			runOnlyForDeploymentPostprocessing = 0;
		};
/* End PBXResourcesBuildPhase section */

/* Begin PBXShellScriptBuildPhase section */
		29794E396F4F7C59B44D05AF /* [CP] Check Pods Manifest.lock */ = {
			isa = PBXShellScriptBuildPhase;
			buildActionMask = 2147483647;
			files = (
			);
			inputPaths = (
				"${PODS_PODFILE_DIR_PATH}/Podfile.lock",
				"${PODS_ROOT}/Manifest.lock",
			);
			name = "[CP] Check Pods Manifest.lock";
			outputPaths = (
				"$(DERIVED_FILE_DIR)/Pods-Test_2-checkManifestLockResult.txt",
			);
			runOnlyForDeploymentPostprocessing = 0;
			shellPath = /bin/sh;
			shellScript = "diff \"${PODS_PODFILE_DIR_PATH}/Podfile.lock\" \"${PODS_ROOT}/Manifest.lock\" > /dev/null\nif [ $? != 0 ] ; then\n    # print error to STDERR\n    echo \"error: The sandbox is not in sync with the Podfile.lock. Run 'pod install' or update your CocoaPods installation.\" >&2\n    exit 1\nfi\n# This output is used by Xcode 'outputs' to avoid re-running this script phase.\necho \"SUCCESS\" > \"${SCRIPT_OUTPUT_FILE_0}\"\n";
			showEnvVarsInLog = 0;
		};
		B7501B97BC8474BA8328207F /* [CP] Check Pods Manifest.lock */ = {
			isa = PBXShellScriptBuildPhase;
			buildActionMask = 2147483647;
			files = (
			);
			inputPaths = (
				"${PODS_PODFILE_DIR_PATH}/Podfile.lock",
				"${PODS_ROOT}/Manifest.lock",
			);
			name = "[CP] Check Pods Manifest.lock";
			outputPaths = (
				"$(DERIVED_FILE_DIR)/Pods-Test_2Tests-checkManifestLockResult.txt",
			);
			runOnlyForDeploymentPostprocessing = 0;
			shellPath = /bin/sh;
			shellScript = "diff \"${PODS_PODFILE_DIR_PATH}/Podfile.lock\" \"${PODS_ROOT}/Manifest.lock\" > /dev/null\nif [ $? != 0 ] ; then\n    # print error to STDERR\n    echo \"error: The sandbox is not in sync with the Podfile.lock. Run 'pod install' or update your CocoaPods installation.\" >&2\n    exit 1\nfi\n# This output is used by Xcode 'outputs' to avoid re-running this script phase.\necho \"SUCCESS\" > \"${SCRIPT_OUTPUT_FILE_0}\"\n";
			showEnvVarsInLog = 0;
		};
		F27436D538D959B692EF3548 /* [CP] Embed Pods Frameworks */ = {
			isa = PBXShellScriptBuildPhase;
			buildActionMask = 2147483647;
			files = (
			);
			inputPaths = (
				"${SRCROOT}/Pods/Target Support Files/Pods-Test_2/Pods-Test_2-frameworks.sh",
				"${BUILT_PRODUCTS_DIR}/Alamofire/Alamofire.framework",
				"${BUILT_PRODUCTS_DIR}/SwiftyJSON/SwiftyJSON.framework",
			);
			name = "[CP] Embed Pods Frameworks";
			outputPaths = (
				"${TARGET_BUILD_DIR}/${FRAMEWORKS_FOLDER_PATH}/Alamofire.framework",
				"${TARGET_BUILD_DIR}/${FRAMEWORKS_FOLDER_PATH}/SwiftyJSON.framework",
			);
			runOnlyForDeploymentPostprocessing = 0;
			shellPath = /bin/sh;
			shellScript = "\"${SRCROOT}/Pods/Target Support Files/Pods-Test_2/Pods-Test_2-frameworks.sh\"\n";
			showEnvVarsInLog = 0;
		};
/* End PBXShellScriptBuildPhase section */

/* Begin PBXSourcesBuildPhase section */
		26D52DDF215F28C5002D4BBF /* Sources */ = {
			isa = PBXSourcesBuildPhase;
			buildActionMask = 2147483647;
			files = (
				26D52E39215FC7C1002D4BBF /* ContentLoadingView.swift in Sources */,
				26D52E14215F42EF002D4BBF /* ManufactureViewModel.swift in Sources */,
				26D52E1C215F519A002D4BBF /* Dictionary.swift in Sources */,
				26D52E16215F45B1002D4BBF /* Manufacture_Model.swift in Sources */,
				26D52E33215FA7D1002D4BBF /* ModelViewController.swift in Sources */,
				26D52E26215F521B002D4BBF /* DataFetcher.swift in Sources */,
				26D52E1E215F51A4002D4BBF /* String.swift in Sources */,
				26D52E28215F521E002D4BBF /* DataRequest.swift in Sources */,
				26D52E1A215F4743002D4BBF /* TypeAlias.swift in Sources */,
				26D52DE9215F28C5002D4BBF /* ManufactureViewController.swift in Sources */,
				26D52E24215F5216002D4BBF /* ApiService.swift in Sources */,
				26D52DE7215F28C5002D4BBF /* AppDelegate.swift in Sources */,
				26D52E30215F5956002D4BBF /* CarTableViewCell.swift in Sources */,
				26D52E20215F51AC002D4BBF /* Int.swift in Sources */,
				26D52E12215F42C5002D4BBF /* BaseViewModel.swift in Sources */,
				26D52E2C215F5224002D4BBF /* DataResponse.swift in Sources */,
				26D52E18215F4735002D4BBF /* Constant.swift in Sources */,
				26D52E35215FC46C002D4BBF /* ModelsViewModel.swift in Sources */,
				26D52E2E215F5839002D4BBF /* Manufacture_ModelManager.swift in Sources */,
			);
			runOnlyForDeploymentPostprocessing = 0;
		};
		26D52DF3215F28C7002D4BBF /* Sources */ = {
			isa = PBXSourcesBuildPhase;
			buildActionMask = 2147483647;
			files = (
				26D52DFC215F28C7002D4BBF /* Test_2Tests.swift in Sources */,
				2628DECF21613E59008B0BB4 /* ManagerTestSetup.swift in Sources */,
			);
			runOnlyForDeploymentPostprocessing = 0;
		};
/* End PBXSourcesBuildPhase section */

/* Begin PBXTargetDependency section */
		26D52DF9215F28C7002D4BBF /* PBXTargetDependency */ = {
			isa = PBXTargetDependency;
			target = 26D52DE2215F28C5002D4BBF /* Test_2 */;
			targetProxy = 26D52DF8215F28C7002D4BBF /* PBXContainerItemProxy */;
		};
/* End PBXTargetDependency section */

/* Begin PBXVariantGroup section */
		26D52DEA215F28C5002D4BBF /* Main.storyboard */ = {
			isa = PBXVariantGroup;
			children = (
				26D52DEB215F28C5002D4BBF /* Base */,
			);
			name = Main.storyboard;
			sourceTree = "<group>";
		};
		26D52DEF215F28C7002D4BBF /* LaunchScreen.storyboard */ = {
			isa = PBXVariantGroup;
			children = (
				26D52DF0215F28C7002D4BBF /* Base */,
			);
			name = LaunchScreen.storyboard;
			sourceTree = "<group>";
		};
/* End PBXVariantGroup section */

/* Begin XCBuildConfiguration section */
		26D52DFE215F28C7002D4BBF /* Debug */ = {
			isa = XCBuildConfiguration;
			buildSettings = {
				ALWAYS_SEARCH_USER_PATHS = NO;
				CLANG_ANALYZER_NONNULL = YES;
				CLANG_ANALYZER_NUMBER_OBJECT_CONVERSION = YES_AGGRESSIVE;
				CLANG_CXX_LANGUAGE_STANDARD = "gnu++14";
				CLANG_CXX_LIBRARY = "libc++";
				CLANG_ENABLE_MODULES = YES;
				CLANG_ENABLE_OBJC_ARC = YES;
				CLANG_ENABLE_OBJC_WEAK = YES;
				CLANG_WARN_BLOCK_CAPTURE_AUTORELEASING = YES;
				CLANG_WARN_BOOL_CONVERSION = YES;
				CLANG_WARN_COMMA = YES;
				CLANG_WARN_CONSTANT_CONVERSION = YES;
				CLANG_WARN_DEPRECATED_OBJC_IMPLEMENTATIONS = YES;
				CLANG_WARN_DIRECT_OBJC_ISA_USAGE = YES_ERROR;
				CLANG_WARN_DOCUMENTATION_COMMENTS = YES;
				CLANG_WARN_EMPTY_BODY = YES;
				CLANG_WARN_ENUM_CONVERSION = YES;
				CLANG_WARN_INFINITE_RECURSION = YES;
				CLANG_WARN_INT_CONVERSION = YES;
				CLANG_WARN_NON_LITERAL_NULL_CONVERSION = YES;
				CLANG_WARN_OBJC_IMPLICIT_RETAIN_SELF = YES;
				CLANG_WARN_OBJC_LITERAL_CONVERSION = YES;
				CLANG_WARN_OBJC_ROOT_CLASS = YES_ERROR;
				CLANG_WARN_RANGE_LOOP_ANALYSIS = YES;
				CLANG_WARN_STRICT_PROTOTYPES = YES;
				CLANG_WARN_SUSPICIOUS_MOVE = YES;
				CLANG_WARN_UNGUARDED_AVAILABILITY = YES_AGGRESSIVE;
				CLANG_WARN_UNREACHABLE_CODE = YES;
				CLANG_WARN__DUPLICATE_METHOD_MATCH = YES;
				CODE_SIGN_IDENTITY = "iPhone Developer";
				COPY_PHASE_STRIP = NO;
				DEBUG_INFORMATION_FORMAT = dwarf;
				ENABLE_STRICT_OBJC_MSGSEND = YES;
				ENABLE_TESTABILITY = YES;
				GCC_C_LANGUAGE_STANDARD = gnu11;
				GCC_DYNAMIC_NO_PIC = NO;
				GCC_NO_COMMON_BLOCKS = YES;
				GCC_OPTIMIZATION_LEVEL = 0;
				GCC_PREPROCESSOR_DEFINITIONS = (
					"DEBUG=1",
					"$(inherited)",
				);
				GCC_WARN_64_TO_32_BIT_CONVERSION = YES;
				GCC_WARN_ABOUT_RETURN_TYPE = YES_ERROR;
				GCC_WARN_UNDECLARED_SELECTOR = YES;
				GCC_WARN_UNINITIALIZED_AUTOS = YES_AGGRESSIVE;
				GCC_WARN_UNUSED_FUNCTION = YES;
				GCC_WARN_UNUSED_VARIABLE = YES;
				IPHONEOS_DEPLOYMENT_TARGET = 12.0;
				MTL_ENABLE_DEBUG_INFO = INCLUDE_SOURCE;
				MTL_FAST_MATH = YES;
				ONLY_ACTIVE_ARCH = YES;
				SDKROOT = iphoneos;
				SWIFT_ACTIVE_COMPILATION_CONDITIONS = DEBUG;
				SWIFT_OPTIMIZATION_LEVEL = "-Onone";
			};
			name = Debug;
		};
		26D52DFF215F28C7002D4BBF /* Release */ = {
			isa = XCBuildConfiguration;
			buildSettings = {
				ALWAYS_SEARCH_USER_PATHS = NO;
				CLANG_ANALYZER_NONNULL = YES;
				CLANG_ANALYZER_NUMBER_OBJECT_CONVERSION = YES_AGGRESSIVE;
				CLANG_CXX_LANGUAGE_STANDARD = "gnu++14";
				CLANG_CXX_LIBRARY = "libc++";
				CLANG_ENABLE_MODULES = YES;
				CLANG_ENABLE_OBJC_ARC = YES;
				CLANG_ENABLE_OBJC_WEAK = YES;
				CLANG_WARN_BLOCK_CAPTURE_AUTORELEASING = YES;
				CLANG_WARN_BOOL_CONVERSION = YES;
				CLANG_WARN_COMMA = YES;
				CLANG_WARN_CONSTANT_CONVERSION = YES;
				CLANG_WARN_DEPRECATED_OBJC_IMPLEMENTATIONS = YES;
				CLANG_WARN_DIRECT_OBJC_ISA_USAGE = YES_ERROR;
				CLANG_WARN_DOCUMENTATION_COMMENTS = YES;
				CLANG_WARN_EMPTY_BODY = YES;
				CLANG_WARN_ENUM_CONVERSION = YES;
				CLANG_WARN_INFINITE_RECURSION = YES;
				CLANG_WARN_INT_CONVERSION = YES;
				CLANG_WARN_NON_LITERAL_NULL_CONVERSION = YES;
				CLANG_WARN_OBJC_IMPLICIT_RETAIN_SELF = YES;
				CLANG_WARN_OBJC_LITERAL_CONVERSION = YES;
				CLANG_WARN_OBJC_ROOT_CLASS = YES_ERROR;
				CLANG_WARN_RANGE_LOOP_ANALYSIS = YES;
				CLANG_WARN_STRICT_PROTOTYPES = YES;
				CLANG_WARN_SUSPICIOUS_MOVE = YES;
				CLANG_WARN_UNGUARDED_AVAILABILITY = YES_AGGRESSIVE;
				CLANG_WARN_UNREACHABLE_CODE = YES;
				CLANG_WARN__DUPLICATE_METHOD_MATCH = YES;
				CODE_SIGN_IDENTITY = "iPhone Developer";
				COPY_PHASE_STRIP = NO;
				DEBUG_INFORMATION_FORMAT = "dwarf-with-dsym";
				ENABLE_NS_ASSERTIONS = NO;
				ENABLE_STRICT_OBJC_MSGSEND = YES;
				GCC_C_LANGUAGE_STANDARD = gnu11;
				GCC_NO_COMMON_BLOCKS = YES;
				GCC_WARN_64_TO_32_BIT_CONVERSION = YES;
				GCC_WARN_ABOUT_RETURN_TYPE = YES_ERROR;
				GCC_WARN_UNDECLARED_SELECTOR = YES;
				GCC_WARN_UNINITIALIZED_AUTOS = YES_AGGRESSIVE;
				GCC_WARN_UNUSED_FUNCTION = YES;
				GCC_WARN_UNUSED_VARIABLE = YES;
				IPHONEOS_DEPLOYMENT_TARGET = 12.0;
				MTL_ENABLE_DEBUG_INFO = NO;
				MTL_FAST_MATH = YES;
				SDKROOT = iphoneos;
				SWIFT_COMPILATION_MODE = wholemodule;
				SWIFT_OPTIMIZATION_LEVEL = "-O";
				VALIDATE_PRODUCT = YES;
			};
			name = Release;
		};
		26D52E01215F28C7002D4BBF /* Debug */ = {
			isa = XCBuildConfiguration;
			baseConfigurationReference = A426D874D38FF053F724C7AA /* Pods-Test_2.debug.xcconfig */;
			buildSettings = {
				ASSETCATALOG_COMPILER_APPICON_NAME = AppIcon;
				CODE_SIGN_STYLE = Automatic;
				INFOPLIST_FILE = Test_2/Info.plist;
				IPHONEOS_DEPLOYMENT_TARGET = 10.0;
				LD_RUNPATH_SEARCH_PATHS = (
					"$(inherited)",
					"@executable_path/Frameworks",
				);
				PRODUCT_BUNDLE_IDENTIFIER = "com.abdulsami.Test-2";
				PRODUCT_NAME = "$(TARGET_NAME)";
				SWIFT_VERSION = 4.2;
				TARGETED_DEVICE_FAMILY = "1,2";
			};
			name = Debug;
		};
		26D52E02215F28C7002D4BBF /* Release */ = {
			isa = XCBuildConfiguration;
			baseConfigurationReference = F74586D0D75BD1FE2F185F29 /* Pods-Test_2.release.xcconfig */;
			buildSettings = {
				ASSETCATALOG_COMPILER_APPICON_NAME = AppIcon;
				CODE_SIGN_STYLE = Automatic;
				INFOPLIST_FILE = Test_2/Info.plist;
				IPHONEOS_DEPLOYMENT_TARGET = 10.0;
				LD_RUNPATH_SEARCH_PATHS = (
					"$(inherited)",
					"@executable_path/Frameworks",
				);
				PRODUCT_BUNDLE_IDENTIFIER = "com.abdulsami.Test-2";
				PRODUCT_NAME = "$(TARGET_NAME)";
				SWIFT_VERSION = 4.2;
				TARGETED_DEVICE_FAMILY = "1,2";
			};
			name = Release;
		};
		26D52E04215F28C7002D4BBF /* Debug */ = {
			isa = XCBuildConfiguration;
			baseConfigurationReference = 61FE145CCF32E9B744E71EFA /* Pods-Test_2Tests.debug.xcconfig */;
			buildSettings = {
				ALWAYS_EMBED_SWIFT_STANDARD_LIBRARIES = YES;
				BUNDLE_LOADER = "$(TEST_HOST)";
				CODE_SIGN_STYLE = Automatic;
				INFOPLIST_FILE = Test_2Tests/Info.plist;
				LD_RUNPATH_SEARCH_PATHS = (
					"$(inherited)",
					"@executable_path/Frameworks",
					"@loader_path/Frameworks",
				);
				PRODUCT_BUNDLE_IDENTIFIER = "com.abdulsami.Test-2Tests";
				PRODUCT_NAME = "$(TARGET_NAME)";
				SWIFT_VERSION = 4.2;
				TARGETED_DEVICE_FAMILY = "1,2";
				TEST_HOST = "$(BUILT_PRODUCTS_DIR)/Test_2.app/Test_2";
			};
			name = Debug;
		};
		26D52E05215F28C7002D4BBF /* Release */ = {
			isa = XCBuildConfiguration;
			baseConfigurationReference = 9A633904CE24F6991796B093 /* Pods-Test_2Tests.release.xcconfig */;
			buildSettings = {
				ALWAYS_EMBED_SWIFT_STANDARD_LIBRARIES = YES;
				BUNDLE_LOADER = "$(TEST_HOST)";
				CODE_SIGN_STYLE = Automatic;
				INFOPLIST_FILE = Test_2Tests/Info.plist;
				LD_RUNPATH_SEARCH_PATHS = (
					"$(inherited)",
					"@executable_path/Frameworks",
					"@loader_path/Frameworks",
				);
				PRODUCT_BUNDLE_IDENTIFIER = "com.abdulsami.Test-2Tests";
				PRODUCT_NAME = "$(TARGET_NAME)";
				SWIFT_VERSION = 4.2;
				TARGETED_DEVICE_FAMILY = "1,2";
				TEST_HOST = "$(BUILT_PRODUCTS_DIR)/Test_2.app/Test_2";
			};
			name = Release;
		};
/* End XCBuildConfiguration section */

/* Begin XCConfigurationList section */
		26D52DDE215F28C5002D4BBF /* Build configuration list for PBXProject "Test_2" */ = {
			isa = XCConfigurationList;
			buildConfigurations = (
				26D52DFE215F28C7002D4BBF /* Debug */,
				26D52DFF215F28C7002D4BBF /* Release */,
			);
			defaultConfigurationIsVisible = 0;
			defaultConfigurationName = Release;
		};
		26D52E00215F28C7002D4BBF /* Build configuration list for PBXNativeTarget "Test_2" */ = {
			isa = XCConfigurationList;
			buildConfigurations = (
				26D52E01215F28C7002D4BBF /* Debug */,
				26D52E02215F28C7002D4BBF /* Release */,
			);
			defaultConfigurationIsVisible = 0;
			defaultConfigurationName = Release;
		};
		26D52E03215F28C7002D4BBF /* Build configuration list for PBXNativeTarget "Test_2Tests" */ = {
			isa = XCConfigurationList;
			buildConfigurations = (
				26D52E04215F28C7002D4BBF /* Debug */,
				26D52E05215F28C7002D4BBF /* Release */,
			);
			defaultConfigurationIsVisible = 0;
			defaultConfigurationName = Release;
		};
/* End XCConfigurationList section */
	};
	rootObject = 26D52DDB215F28C5002D4BBF /* Project object */;
}
